
Microsoft Visual Studio Solution File, Format Version 12.00
# Visual Studio Version 16
VisualStudioVersion = 16.0.30114.105
MinimumVisualStudioVersion = 10.0.40219.1
Project("{FAE04EC0-301F-11D3-BF4B-00C04F79EFBC}") = "ExemploConstrutores", "ExemploConstrutores\ExemploConstrutores.csproj", "{74769A05-483E-4EA5-801B-A37DF764DA7B}"
EndProject
Global
	GlobalSection(SolutionConfigurationPlatforms) = preSolution
		Debug|Any CPU = Debug|Any CPU
		Release|Any CPU = Release|Any CPU
	EndGlobalSection
	GlobalSection(SolutionProperties) = preSolution
		HideSolutionNode = FALSE
	EndGlobalSection
	GlobalSection(ProjectConfigurationPlatforms) = postSolution
		{74769A05-483E-4EA5-801B-A37DF764DA7B}.Debug|Any CPU.ActiveCfg = Debug|Any CPU
		{74769A05-483E-4EA5-801B-A37DF764DA7B}.Debug|Any CPU.Build.0 = Debug|Any CPU
		{74769A05-483E-4EA5-801B-A37DF764DA7B}.Release|Any CPU.ActiveCfg = Release|Any CPU
		{74769A05-483E-4EA5-801B-A37DF764DA7B}.Release|Any CPU.Build.0 = Release|Any CPU
	EndGlobalSection
EndGlobal
